
Microsoft Visual Studio Solution File, Format Version 12.00
Project("{2150E333-8FDC-42A3-9474-1A3956D46DE8}") = "src", "src", "{EA028EAB-AB96-46B9-81E7-FEF6EC0693AC}"
EndProject
Project("{2150E333-8FDC-42A3-9474-1A3956D46DE8}") = "Framework", "Framework", "{8821678D-6335-4ADE-A5B2-483584280041}"
EndProject
Project("{2150E333-8FDC-42A3-9474-1A3956D46DE8}") = "Test", "Test", "{60A8CDE1-702F-4364-8BF4-FFD91614C73F}"
EndProject
Project("{2150E333-8FDC-42A3-9474-1A3956D46DE8}") = "Application", "Application", "{33A63E6B-3AC7-462E-8042-85134E88EF95}"
EndProject
Project("{FAE04EC0-301F-11D3-BF4B-00C04F79EFBC}") = "Personal.API", "Personal.API\Personal.API.csproj", "{8EFB18CE-0977-42EB-A4A1-F3CB09656BC9}"
EndProject
Project("{FAE04EC0-301F-11D3-BF4B-00C04F79EFBC}") = "ApiShared", "Framework\ApiShared\ApiShared.csproj", "{581DD07E-EAAF-4191-97E8-4590DA257A00}"
EndProject
Project("{FAE04EC0-301F-11D3-BF4B-00C04F79EFBC}") = "Auth", "Framework\Auth\Auth.csproj", "{CF3C2BC5-5A3F-4D1D-AC13-48A207D5C7CF}"
EndProject
Project("{FAE04EC0-301F-11D3-BF4B-00C04F79EFBC}") = "Dal.Postgres", "Framework\Dal.Postgres\Dal.Postgres.csproj", "{5CF3A322-DE57-41F7-94A8-ADDA26DC55F4}"
EndProject
Project("{FAE04EC0-301F-11D3-BF4B-00C04F79EFBC}") = "Messaging.Kafka", "Framework\Messaging.Kafka\Messaging.Kafka.csproj", "{F19158FD-CD67-40D3-8B1F-A49E305BF785}"
EndProject
Project("{FAE04EC0-301F-11D3-BF4B-00C04F79EFBC}") = "Shared", "Framework\Shared\Shared.csproj", "{51557BBA-08E0-4E4F-A180-47D037316608}"
EndProject
Project("{2150E333-8FDC-42A3-9474-1A3956D46DE8}") = "Modules", "Modules", "{B5776D02-A2A7-490A-BCF1-51D5805C5740}"
EndProject
Project("{2150E333-8FDC-42A3-9474-1A3956D46DE8}") = "User", "User", "{A608EB6B-D866-4047-84BA-77AC39AEA0B3}"
EndProject
Project("{FAE04EC0-301F-11D3-BF4B-00C04F79EFBC}") = "User.Application", "Modules\User\User.Application\User.Application.csproj", "{C2D4E0C3-8D6A-487C-A1F2-0047EF370744}"
EndProject
Project("{FAE04EC0-301F-11D3-BF4B-00C04F79EFBC}") = "User.Domain", "Modules\User\User.Domain\User.Domain.csproj", "{A69316C3-A902-460E-A21F-0B023770D857}"
EndProject
Project("{FAE04EC0-301F-11D3-BF4B-00C04F79EFBC}") = "User.Infrastructure", "Modules\User\User.Infrastructure\User.Infrastructure.csproj", "{D4AA219D-A484-4F6C-8B4F-D4873A05A039}"
EndProject
Project("{FAE04EC0-301F-11D3-BF4B-00C04F79EFBC}") = "User.Shared", "Modules\User\User.Shared\User.Shared.csproj", "{B5EB7E91-328F-4977-9155-A92911469929}"
EndProject
Global
	GlobalSection(SolutionConfigurationPlatforms) = preSolution
		Debug|Any CPU = Debug|Any CPU
		Release|Any CPU = Release|Any CPU
	EndGlobalSection
	GlobalSection(NestedProjects) = preSolution
		{8821678D-6335-4ADE-A5B2-483584280041} = {EA028EAB-AB96-46B9-81E7-FEF6EC0693AC}
		{60A8CDE1-702F-4364-8BF4-FFD91614C73F} = {EA028EAB-AB96-46B9-81E7-FEF6EC0693AC}
		{33A63E6B-3AC7-462E-8042-85134E88EF95} = {EA028EAB-AB96-46B9-81E7-FEF6EC0693AC}
		{8EFB18CE-0977-42EB-A4A1-F3CB09656BC9} = {33A63E6B-3AC7-462E-8042-85134E88EF95}
		{581DD07E-EAAF-4191-97E8-4590DA257A00} = {8821678D-6335-4ADE-A5B2-483584280041}
		{CF3C2BC5-5A3F-4D1D-AC13-48A207D5C7CF} = {8821678D-6335-4ADE-A5B2-483584280041}
		{5CF3A322-DE57-41F7-94A8-ADDA26DC55F4} = {8821678D-6335-4ADE-A5B2-483584280041}
		{F19158FD-CD67-40D3-8B1F-A49E305BF785} = {8821678D-6335-4ADE-A5B2-483584280041}
		{51557BBA-08E0-4E4F-A180-47D037316608} = {8821678D-6335-4ADE-A5B2-483584280041}
		{B5776D02-A2A7-490A-BCF1-51D5805C5740} = {33A63E6B-3AC7-462E-8042-85134E88EF95}
		{A608EB6B-D866-4047-84BA-77AC39AEA0B3} = {B5776D02-A2A7-490A-BCF1-51D5805C5740}
		{C2D4E0C3-8D6A-487C-A1F2-0047EF370744} = {A608EB6B-D866-4047-84BA-77AC39AEA0B3}
		{A69316C3-A902-460E-A21F-0B023770D857} = {A608EB6B-D866-4047-84BA-77AC39AEA0B3}
		{D4AA219D-A484-4F6C-8B4F-D4873A05A039} = {A608EB6B-D866-4047-84BA-77AC39AEA0B3}
		{B5EB7E91-328F-4977-9155-A92911469929} = {A608EB6B-D866-4047-84BA-77AC39AEA0B3}
	EndGlobalSection
	GlobalSection(ProjectConfigurationPlatforms) = postSolution
		{8EFB18CE-0977-42EB-A4A1-F3CB09656BC9}.Debug|Any CPU.ActiveCfg = Debug|Any CPU
		{8EFB18CE-0977-42EB-A4A1-F3CB09656BC9}.Debug|Any CPU.Build.0 = Debug|Any CPU
		{8EFB18CE-0977-42EB-A4A1-F3CB09656BC9}.Release|Any CPU.ActiveCfg = Release|Any CPU
		{8EFB18CE-0977-42EB-A4A1-F3CB09656BC9}.Release|Any CPU.Build.0 = Release|Any CPU
		{581DD07E-EAAF-4191-97E8-4590DA257A00}.Debug|Any CPU.ActiveCfg = Debug|Any CPU
		{581DD07E-EAAF-4191-97E8-4590DA257A00}.Debug|Any CPU.Build.0 = Debug|Any CPU
		{581DD07E-EAAF-4191-97E8-4590DA257A00}.Release|Any CPU.ActiveCfg = Release|Any CPU
		{581DD07E-EAAF-4191-97E8-4590DA257A00}.Release|Any CPU.Build.0 = Release|Any CPU
		{CF3C2BC5-5A3F-4D1D-AC13-48A207D5C7CF}.Debug|Any CPU.ActiveCfg = Debug|Any CPU
		{CF3C2BC5-5A3F-4D1D-AC13-48A207D5C7CF}.Debug|Any CPU.Build.0 = Debug|Any CPU
		{CF3C2BC5-5A3F-4D1D-AC13-48A207D5C7CF}.Release|Any CPU.ActiveCfg = Release|Any CPU
		{CF3C2BC5-5A3F-4D1D-AC13-48A207D5C7CF}.Release|Any CPU.Build.0 = Release|Any CPU
		{5CF3A322-DE57-41F7-94A8-ADDA26DC55F4}.Debug|Any CPU.ActiveCfg = Debug|Any CPU
		{5CF3A322-DE57-41F7-94A8-ADDA26DC55F4}.Debug|Any CPU.Build.0 = Debug|Any CPU
		{5CF3A322-DE57-41F7-94A8-ADDA26DC55F4}.Release|Any CPU.ActiveCfg = Release|Any CPU
		{5CF3A322-DE57-41F7-94A8-ADDA26DC55F4}.Release|Any CPU.Build.0 = Release|Any CPU
		{F19158FD-CD67-40D3-8B1F-A49E305BF785}.Debug|Any CPU.ActiveCfg = Debug|Any CPU
		{F19158FD-CD67-40D3-8B1F-A49E305BF785}.Debug|Any CPU.Build.0 = Debug|Any CPU
		{F19158FD-CD67-40D3-8B1F-A49E305BF785}.Release|Any CPU.ActiveCfg = Release|Any CPU
		{F19158FD-CD67-40D3-8B1F-A49E305BF785}.Release|Any CPU.Build.0 = Release|Any CPU
		{51557BBA-08E0-4E4F-A180-47D037316608}.Debug|Any CPU.ActiveCfg = Debug|Any CPU
		{51557BBA-08E0-4E4F-A180-47D037316608}.Debug|Any CPU.Build.0 = Debug|Any CPU
		{51557BBA-08E0-4E4F-A180-47D037316608}.Release|Any CPU.ActiveCfg = Release|Any CPU
		{51557BBA-08E0-4E4F-A180-47D037316608}.Release|Any CPU.Build.0 = Release|Any CPU
		{C2D4E0C3-8D6A-487C-A1F2-0047EF370744}.Debug|Any CPU.ActiveCfg = Debug|Any CPU
		{C2D4E0C3-8D6A-487C-A1F2-0047EF370744}.Debug|Any CPU.Build.0 = Debug|Any CPU
		{C2D4E0C3-8D6A-487C-A1F2-0047EF370744}.Release|Any CPU.ActiveCfg = Release|Any CPU
		{C2D4E0C3-8D6A-487C-A1F2-0047EF370744}.Release|Any CPU.Build.0 = Release|Any CPU
		{A69316C3-A902-460E-A21F-0B023770D857}.Debug|Any CPU.ActiveCfg = Debug|Any CPU
		{A69316C3-A902-460E-A21F-0B023770D857}.Debug|Any CPU.Build.0 = Debug|Any CPU
		{A69316C3-A902-460E-A21F-0B023770D857}.Release|Any CPU.ActiveCfg = Release|Any CPU
		{A69316C3-A902-460E-A21F-0B023770D857}.Release|Any CPU.Build.0 = Release|Any CPU
		{D4AA219D-A484-4F6C-8B4F-D4873A05A039}.Debug|Any CPU.ActiveCfg = Debug|Any CPU
		{D4AA219D-A484-4F6C-8B4F-D4873A05A039}.Debug|Any CPU.Build.0 = Debug|Any CPU
		{D4AA219D-A484-4F6C-8B4F-D4873A05A039}.Release|Any CPU.ActiveCfg = Release|Any CPU
		{D4AA219D-A484-4F6C-8B4F-D4873A05A039}.Release|Any CPU.Build.0 = Release|Any CPU
		{B5EB7E91-328F-4977-9155-A92911469929}.Debug|Any CPU.ActiveCfg = Debug|Any CPU
		{B5EB7E91-328F-4977-9155-A92911469929}.Debug|Any CPU.Build.0 = Debug|Any CPU
		{B5EB7E91-328F-4977-9155-A92911469929}.Release|Any CPU.ActiveCfg = Release|Any CPU
		{B5EB7E91-328F-4977-9155-A92911469929}.Release|Any CPU.Build.0 = Release|Any CPU
	EndGlobalSection
EndGlobal
