
Microsoft Visual Studio Solution File, Format Version 12.00
Project("{2150E333-8FDC-42A3-9474-1A3956D46DE8}") = "src", "src", "{EA028EAB-AB96-46B9-81E7-FEF6EC0693AC}"
EndProject
Project("{2150E333-8FDC-42A3-9474-1A3956D46DE8}") = "Framework", "Framework", "{8821678D-6335-4ADE-A5B2-483584280041}"
EndProject
Project("{2150E333-8FDC-42A3-9474-1A3956D46DE8}") = "Test", "Test", "{60A8CDE1-702F-4364-8BF4-FFD91614C73F}"
EndProject
Project("{2150E333-8FDC-42A3-9474-1A3956D46DE8}") = "Application", "Application", "{33A63E6B-3AC7-462E-8042-85134E88EF95}"
EndProject
Project("{FAE04EC0-301F-11D3-BF4B-00C04F79EFBC}") = "Personal.API", "Personal.API\Personal.API.csproj", "{8EFB18CE-0977-42EB-A4A1-F3CB09656BC9}"
EndProject
Project("{FAE04EC0-301F-11D3-BF4B-00C04F79EFBC}") = "ApiShared", "Framework\ApiShared\ApiShared.csproj", "{581DD07E-EAAF-4191-97E8-4590DA257A00}"
EndProject
Project("{FAE04EC0-301F-11D3-BF4B-00C04F79EFBC}") = "Auth", "Framework\Auth\Auth.csproj", "{CF3C2BC5-5A3F-4D1D-AC13-48A207D5C7CF}"
EndProject
Project("{FAE04EC0-301F-11D3-BF4B-00C04F79EFBC}") = "Dal.Postgres", "Framework\Dal.Postgres\Dal.Postgres.csproj", "{5CF3A322-DE57-41F7-94A8-ADDA26DC55F4}"
EndProject
Project("{FAE04EC0-301F-11D3-BF4B-00C04F79EFBC}") = "Messaging.Kafka", "Framework\Messaging.Kafka\Messaging.Kafka.csproj", "{F19158FD-CD67-40D3-8B1F-A49E305BF785}"
EndProject
Project("{FAE04EC0-301F-11D3-BF4B-00C04F79EFBC}") = "Shared", "Framework\Shared\Shared.csproj", "{51557BBA-08E0-4E4F-A180-47D037316608}"
EndProject
Project("{2150E333-8FDC-42A3-9474-1A3956D46DE8}") = "Modules", "Modules", "{B5776D02-A2A7-490A-BCF1-51D5805C5740}"
EndProject
Project("{2150E333-8FDC-42A3-9474-1A3956D46DE8}") = "Trainer", "Trainer", "{A608EB6B-D866-4047-84BA-77AC39AEA0B3}"
EndProject
Project("{FAE04EC0-301F-11D3-BF4B-00C04F79EFBC}") = "Trainer.Domain", "Modules\Trainer\Trainer.Domain\Trainer.Domain.csproj", "{A019AE0F-829E-4E59-9701-EB9F91831802}"
EndProject
Project("{FAE04EC0-301F-11D3-BF4B-00C04F79EFBC}") = "Trainer.Application", "Modules\Trainer\Trainer.Application\Trainer.Application.csproj", "{C0ED2DC0-67EF-44E2-9EE0-4B470EDBBA92}"
EndProject
Project("{FAE04EC0-301F-11D3-BF4B-00C04F79EFBC}") = "Trainer.Infrastructure", "Modules\Trainer\Trainer.Infrastructure\Trainer.Infrastructure.csproj", "{B76973DE-5416-49B3-91C7-5F71B155F98F}"
EndProject
Global
	GlobalSection(SolutionConfigurationPlatforms) = preSolution
		Debug|Any CPU = Debug|Any CPU
		Release|Any CPU = Release|Any CPU
	EndGlobalSection
	GlobalSection(NestedProjects) = preSolution
		{8821678D-6335-4ADE-A5B2-483584280041} = {EA028EAB-AB96-46B9-81E7-FEF6EC0693AC}
		{60A8CDE1-702F-4364-8BF4-FFD91614C73F} = {EA028EAB-AB96-46B9-81E7-FEF6EC0693AC}
		{33A63E6B-3AC7-462E-8042-85134E88EF95} = {EA028EAB-AB96-46B9-81E7-FEF6EC0693AC}
		{8EFB18CE-0977-42EB-A4A1-F3CB09656BC9} = {33A63E6B-3AC7-462E-8042-85134E88EF95}
		{581DD07E-EAAF-4191-97E8-4590DA257A00} = {8821678D-6335-4ADE-A5B2-483584280041}
		{CF3C2BC5-5A3F-4D1D-AC13-48A207D5C7CF} = {8821678D-6335-4ADE-A5B2-483584280041}
		{5CF3A322-DE57-41F7-94A8-ADDA26DC55F4} = {8821678D-6335-4ADE-A5B2-483584280041}
		{F19158FD-CD67-40D3-8B1F-A49E305BF785} = {8821678D-6335-4ADE-A5B2-483584280041}
		{51557BBA-08E0-4E4F-A180-47D037316608} = {8821678D-6335-4ADE-A5B2-483584280041}
		{B5776D02-A2A7-490A-BCF1-51D5805C5740} = {33A63E6B-3AC7-462E-8042-85134E88EF95}
		{A608EB6B-D866-4047-84BA-77AC39AEA0B3} = {B5776D02-A2A7-490A-BCF1-51D5805C5740}
		{A019AE0F-829E-4E59-9701-EB9F91831802} = {A608EB6B-D866-4047-84BA-77AC39AEA0B3}
		{C0ED2DC0-67EF-44E2-9EE0-4B470EDBBA92} = {A608EB6B-D866-4047-84BA-77AC39AEA0B3}
		{B76973DE-5416-49B3-91C7-5F71B155F98F} = {A608EB6B-D866-4047-84BA-77AC39AEA0B3}
	EndGlobalSection
	GlobalSection(ProjectConfigurationPlatforms) = postSolution
		{8EFB18CE-0977-42EB-A4A1-F3CB09656BC9}.Debug|Any CPU.ActiveCfg = Debug|Any CPU
		{8EFB18CE-0977-42EB-A4A1-F3CB09656BC9}.Debug|Any CPU.Build.0 = Debug|Any CPU
		{8EFB18CE-0977-42EB-A4A1-F3CB09656BC9}.Release|Any CPU.ActiveCfg = Release|Any CPU
		{8EFB18CE-0977-42EB-A4A1-F3CB09656BC9}.Release|Any CPU.Build.0 = Release|Any CPU
		{581DD07E-EAAF-4191-97E8-4590DA257A00}.Debug|Any CPU.ActiveCfg = Debug|Any CPU
		{581DD07E-EAAF-4191-97E8-4590DA257A00}.Debug|Any CPU.Build.0 = Debug|Any CPU
		{581DD07E-EAAF-4191-97E8-4590DA257A00}.Release|Any CPU.ActiveCfg = Release|Any CPU
		{581DD07E-EAAF-4191-97E8-4590DA257A00}.Release|Any CPU.Build.0 = Release|Any CPU
		{CF3C2BC5-5A3F-4D1D-AC13-48A207D5C7CF}.Debug|Any CPU.ActiveCfg = Debug|Any CPU
		{CF3C2BC5-5A3F-4D1D-AC13-48A207D5C7CF}.Debug|Any CPU.Build.0 = Debug|Any CPU
		{CF3C2BC5-5A3F-4D1D-AC13-48A207D5C7CF}.Release|Any CPU.ActiveCfg = Release|Any CPU
		{CF3C2BC5-5A3F-4D1D-AC13-48A207D5C7CF}.Release|Any CPU.Build.0 = Release|Any CPU
		{5CF3A322-DE57-41F7-94A8-ADDA26DC55F4}.Debug|Any CPU.ActiveCfg = Debug|Any CPU
		{5CF3A322-DE57-41F7-94A8-ADDA26DC55F4}.Debug|Any CPU.Build.0 = Debug|Any CPU
		{5CF3A322-DE57-41F7-94A8-ADDA26DC55F4}.Release|Any CPU.ActiveCfg = Release|Any CPU
		{5CF3A322-DE57-41F7-94A8-ADDA26DC55F4}.Release|Any CPU.Build.0 = Release|Any CPU
		{F19158FD-CD67-40D3-8B1F-A49E305BF785}.Debug|Any CPU.ActiveCfg = Debug|Any CPU
		{F19158FD-CD67-40D3-8B1F-A49E305BF785}.Debug|Any CPU.Build.0 = Debug|Any CPU
		{F19158FD-CD67-40D3-8B1F-A49E305BF785}.Release|Any CPU.ActiveCfg = Release|Any CPU
		{F19158FD-CD67-40D3-8B1F-A49E305BF785}.Release|Any CPU.Build.0 = Release|Any CPU
		{51557BBA-08E0-4E4F-A180-47D037316608}.Debug|Any CPU.ActiveCfg = Debug|Any CPU
		{51557BBA-08E0-4E4F-A180-47D037316608}.Debug|Any CPU.Build.0 = Debug|Any CPU
		{51557BBA-08E0-4E4F-A180-47D037316608}.Release|Any CPU.ActiveCfg = Release|Any CPU
		{51557BBA-08E0-4E4F-A180-47D037316608}.Release|Any CPU.Build.0 = Release|Any CPU
		{A019AE0F-829E-4E59-9701-EB9F91831802}.Debug|Any CPU.ActiveCfg = Debug|Any CPU
		{A019AE0F-829E-4E59-9701-EB9F91831802}.Debug|Any CPU.Build.0 = Debug|Any CPU
		{A019AE0F-829E-4E59-9701-EB9F91831802}.Release|Any CPU.ActiveCfg = Release|Any CPU
		{A019AE0F-829E-4E59-9701-EB9F91831802}.Release|Any CPU.Build.0 = Release|Any CPU
		{C0ED2DC0-67EF-44E2-9EE0-4B470EDBBA92}.Debug|Any CPU.ActiveCfg = Debug|Any CPU
		{C0ED2DC0-67EF-44E2-9EE0-4B470EDBBA92}.Debug|Any CPU.Build.0 = Debug|Any CPU
		{C0ED2DC0-67EF-44E2-9EE0-4B470EDBBA92}.Release|Any CPU.ActiveCfg = Release|Any CPU
		{C0ED2DC0-67EF-44E2-9EE0-4B470EDBBA92}.Release|Any CPU.Build.0 = Release|Any CPU
		{B76973DE-5416-49B3-91C7-5F71B155F98F}.Debug|Any CPU.ActiveCfg = Debug|Any CPU
		{B76973DE-5416-49B3-91C7-5F71B155F98F}.Debug|Any CPU.Build.0 = Debug|Any CPU
		{B76973DE-5416-49B3-91C7-5F71B155F98F}.Release|Any CPU.ActiveCfg = Release|Any CPU
		{B76973DE-5416-49B3-91C7-5F71B155F98F}.Release|Any CPU.Build.0 = Release|Any CPU
	EndGlobalSection
EndGlobal
